github.com/integrii/flaggy v1.4.4 h1:8fGyiC14o0kxhTqm2VBoN19fDKPZsKipP7yggreTMDc=
github.com/integrii/flaggy v1.4.4/go.mod h1:tnTxHeTJbah0gQ6/K0RW0J7fMUBk9MCF5blhm43LNpI=
github.com/mattn/go-runewidth v0.0.9 h1:Lm995f3rfxdpd6TSmuVCHVb/QhupuXlYr8sCI/QdE+0=
github.com/mattn/go-runewidth v0.0.9/go.mod h1:H031xJmbD/WCDINGzjvQ9THkh0rPKHF+m2gUSrubnMI=
github.com/noisetorch/pulseaudio v0.0.0-20220603053345-9303200c3861 h1:Xng5X+MlNK7Y/Ede75B86wJgaFMFvuey1K4Suh9k2E4=
github.com/noisetorch/pulseaudio v0.0.0-20220603053345-9303200c3861/go.mod h1:/zosM8PSkhuVyfJ9c/qzBhPSm3k06m9U4y4SDfH0jeA=
github.com/nsf/termbox-go v1.1.1 h1:nksUPLCb73Q++DwbYUBEglYBRPZyoXJdrj5L+TkjyZY=
github.com/nsf/termbox-go v1.1.1/go.mod h1:T0cTdVuOwf7pHQNtfhnEbzHbcNyCEcVU4YPpouCbVxo=
github.com/pkg/errors v0.9.1 h1:FEBLx1zS214owpjy7qsBeixbURkuhQAwrK5UwLGTwt4=
github.com/pkg/errors v0.9.1/go.mod h1:bwawxfHBFNV+L2hUp1rHADufV3IMtnDRdf1r5NINEl0=
golang.org/x/exp v0.0.0-20191002040644-a1355ae1e2c3 h1:n9HxLrNxWWtEb1cA950nuEEj3QnKbtsCJ6KjcgisNUs=
gonum.org/v1/gonum v0.11.0 h1:f1IJhK4Km5tBJmaiJXtk/PkL4cdVX6J+tGiM187uT5E=
gonum.org/v1/gonum v0.11.0/go.mod h1:fSG4YDCxxUZQJ7rKsQrj0gMOg00Il0Z96/qMA4bVQhA=
